dependencies:
- name: clickhouse
  repository: oci://registry-1.docker.io/bitnamicharts
  version: 9.4.4
- name: common
  repository: oci://registry-1.docker.io/bitnamicharts
  version: 2.31.4
digest: sha256:150ce833dcd04297e0b84edd86dfa1e50988778b8407566245106153d47f084c
generated: "2025-09-24T13:40:21.4167913+03:00"
