dependencies:
- name: clickhouse
  repository: oci://registry-1.docker.io/bitnamicharts
  version: 8.0.7
- name: common
  repository: oci://registry-1.docker.io/bitnamicharts
  version: 2.31.4
digest: sha256:5bc0fe9d6179f159363d0f1d06dbc3d1d874d443282c9d59fb8429935396bbee
generated: "2025-09-25T12:40:18.7350058+03:00"
